
Microsoft Visual Studio Solution File, Format Version 12.00
# Visual Studio 2012
Project("{2150E333-8FDC-42A3-9474-1A3956D46DE8}") = ".nuget", ".nuget", "{38404E6F-56AC-458E-B0A6-3620FEA10A5C}"
	ProjectSection(SolutionItems) = preProject
		.nuget\NuGet.Config = .nuget\NuGet.Config
		.nuget\NuGet.exe = .nuget\NuGet.exe
		.nuget\NuGet.targets = .nuget\NuGet.targets
	EndProjectSection
EndProject
Project("{2150E333-8FDC-42A3-9474-1A3956D46DE8}") = "Tests", "Tests", "{840281A8-8870-417F-9B24-ED0E866608A2}"
EndProject
Project("{2150E333-8FDC-42A3-9474-1A3956D46DE8}") = "Shared", "Shared", "{DE34F753-6251-493F-902B-D520D655F69A}"
	ProjectSection(SolutionItems) = preProject
		SharedAssemblyInfo.cs = SharedAssemblyInfo.cs
	EndProjectSection
EndProject
Project("{FAE04EC0-301F-11D3-BF4B-00C04F79EFBC}") = "AttributeRouting", "AttributeRouting\AttributeRouting.csproj", "{871A79CF-C705-4C6B-8938-F9AA1E02AEA4}"
EndProject
Project("{FAE04EC0-301F-11D3-BF4B-00C04F79EFBC}") = "AttributeRouting.Specs", "AttributeRouting.Specs\AttributeRouting.Specs.csproj", "{E832A82B-2302-4113-83E3-261446E22C87}"
EndProject
Project("{FAE04EC0-301F-11D3-BF4B-00C04F79EFBC}") = "AttributeRouting.Tests.Web", "AttributeRouting.Tests.Web\AttributeRouting.Tests.Web.csproj", "{486087C6-E95B-4FE2-8263-7B6B2DF81888}"
EndProject
Project("{FAE04EC0-301F-11D3-BF4B-00C04F79EFBC}") = "AttributeRouting.Web.Http.WebHost", "AttributeRouting.Web.Http.WebHost\AttributeRouting.Web.Http.WebHost.csproj", "{A018FEC5-45F8-44FB-BB6C-33697B418434}"
EndProject
Project("{FAE04EC0-301F-11D3-BF4B-00C04F79EFBC}") = "AttributeRouting.Web", "AttributeRouting.Web\AttributeRouting.Web.csproj", "{C91C065B-A821-4890-9F31-F9E245D804D1}"
EndProject
Project("{FAE04EC0-301F-11D3-BF4B-00C04F79EFBC}") = "AttributeRouting.Web.Mvc", "AttributeRouting.Web.Mvc\AttributeRouting.Web.Mvc.csproj", "{4604C450-EBF8-4A7F-BD3A-A24655C41FA4}"
EndProject
Project("{FAE04EC0-301F-11D3-BF4B-00C04F79EFBC}") = "AttributeRouting.Web.Http.SelfHost", "AttributeRouting.Web.Http.SelfHost\AttributeRouting.Web.Http.SelfHost.csproj", "{246F7AEC-9429-4FBB-8747-92A3F025C711}"
EndProject
Project("{FAE04EC0-301F-11D3-BF4B-00C04F79EFBC}") = "AttributeRouting.Tests.SelfHost", "AttributeRouting.Tests.SelfHost\AttributeRouting.Tests.SelfHost.csproj", "{0D2A13E6-A092-402E-B8FE-035F3A620B86}"
EndProject
Project("{FAE04EC0-301F-11D3-BF4B-00C04F79EFBC}") = "AttributeRouting.Web.Http", "AttributeRouting.Web.Http\AttributeRouting.Web.Http.csproj", "{CCDE9AD7-3822-4B0B-AA19-DF6698A85D3D}"
EndProject
Global
	GlobalSection(SubversionScc) = preSolution
		Svn-Managed = True
		Manager = AnkhSVN - Subversion Support for Visual Studio
	EndGlobalSection
	GlobalSection(SolutionConfigurationPlatforms) = preSolution
		Debug|Any CPU = Debug|Any CPU
		Debug|Mixed Platforms = Debug|Mixed Platforms
		Debug|x86 = Debug|x86
		Release|Any CPU = Release|Any CPU
		Release|Mixed Platforms = Release|Mixed Platforms
		Release|x86 = Release|x86
	EndGlobalSection
	GlobalSection(ProjectConfigurationPlatforms) = postSolution
		{871A79CF-C705-4C6B-8938-F9AA1E02AEA4}.Debug|Any CPU.ActiveCfg = Debug|Any CPU
		{871A79CF-C705-4C6B-8938-F9AA1E02AEA4}.Debug|Any CPU.Build.0 = Debug|Any CPU
		{871A79CF-C705-4C6B-8938-F9AA1E02AEA4}.Debug|Mixed Platforms.ActiveCfg = Debug|Any CPU
		{871A79CF-C705-4C6B-8938-F9AA1E02AEA4}.Debug|Mixed Platforms.Build.0 = Debug|Any CPU
		{871A79CF-C705-4C6B-8938-F9AA1E02AEA4}.Debug|x86.ActiveCfg = Debug|Any CPU
		{871A79CF-C705-4C6B-8938-F9AA1E02AEA4}.Release|Any CPU.ActiveCfg = Release|Any CPU
		{871A79CF-C705-4C6B-8938-F9AA1E02AEA4}.Release|Any CPU.Build.0 = Release|Any CPU
		{871A79CF-C705-4C6B-8938-F9AA1E02AEA4}.Release|Mixed Platforms.ActiveCfg = Release|Any CPU
		{871A79CF-C705-4C6B-8938-F9AA1E02AEA4}.Release|Mixed Platforms.Build.0 = Release|Any CPU
		{871A79CF-C705-4C6B-8938-F9AA1E02AEA4}.Release|x86.ActiveCfg = Release|Any CPU
		{E832A82B-2302-4113-83E3-261446E22C87}.Debug|Any CPU.ActiveCfg = Debug|Any CPU
		{E832A82B-2302-4113-83E3-261446E22C87}.Debug|Any CPU.Build.0 = Debug|Any CPU
		{E832A82B-2302-4113-83E3-261446E22C87}.Debug|Mixed Platforms.ActiveCfg = Debug|Any CPU
		{E832A82B-2302-4113-83E3-261446E22C87}.Debug|Mixed Platforms.Build.0 = Debug|Any CPU
		{E832A82B-2302-4113-83E3-261446E22C87}.Debug|x86.ActiveCfg = Debug|Any CPU
		{E832A82B-2302-4113-83E3-261446E22C87}.Release|Any CPU.ActiveCfg = Release|Any CPU
		{E832A82B-2302-4113-83E3-261446E22C87}.Release|Any CPU.Build.0 = Release|Any CPU
		{E832A82B-2302-4113-83E3-261446E22C87}.Release|Mixed Platforms.ActiveCfg = Release|Any CPU
		{E832A82B-2302-4113-83E3-261446E22C87}.Release|Mixed Platforms.Build.0 = Release|Any CPU
		{E832A82B-2302-4113-83E3-261446E22C87}.Release|x86.ActiveCfg = Release|Any CPU
		{486087C6-E95B-4FE2-8263-7B6B2DF81888}.Debug|Any CPU.ActiveCfg = Debug|Any CPU
		{486087C6-E95B-4FE2-8263-7B6B2DF81888}.Debug|Any CPU.Build.0 = Debug|Any CPU
		{486087C6-E95B-4FE2-8263-7B6B2DF81888}.Debug|Mixed Platforms.ActiveCfg = Debug|Any CPU
		{486087C6-E95B-4FE2-8263-7B6B2DF81888}.Debug|Mixed Platforms.Build.0 = Debug|Any CPU
		{486087C6-E95B-4FE2-8263-7B6B2DF81888}.Debug|x86.ActiveCfg = Debug|Any CPU
		{486087C6-E95B-4FE2-8263-7B6B2DF81888}.Release|Any CPU.ActiveCfg = Release|Any CPU
		{486087C6-E95B-4FE2-8263-7B6B2DF81888}.Release|Any CPU.Build.0 = Release|Any CPU
		{486087C6-E95B-4FE2-8263-7B6B2DF81888}.Release|Mixed Platforms.ActiveCfg = Release|Any CPU
		{486087C6-E95B-4FE2-8263-7B6B2DF81888}.Release|Mixed Platforms.Build.0 = Release|Any CPU
		{486087C6-E95B-4FE2-8263-7B6B2DF81888}.Release|x86.ActiveCfg = Release|Any CPU
		{A018FEC5-45F8-44FB-BB6C-33697B418434}.Debug|Any CPU.ActiveCfg = Debug|Any CPU
		{A018FEC5-45F8-44FB-BB6C-33697B418434}.Debug|Any CPU.Build.0 = Debug|Any CPU
		{A018FEC5-45F8-44FB-BB6C-33697B418434}.Debug|Mixed Platforms.ActiveCfg = Debug|Any CPU
		{A018FEC5-45F8-44FB-BB6C-33697B418434}.Debug|Mixed Platforms.Build.0 = Debug|Any CPU
		{A018FEC5-45F8-44FB-BB6C-33697B418434}.Debug|x86.ActiveCfg = Debug|Any CPU
		{A018FEC5-45F8-44FB-BB6C-33697B418434}.Release|Any CPU.ActiveCfg = Release|Any CPU
		{A018FEC5-45F8-44FB-BB6C-33697B418434}.Release|Any CPU.Build.0 = Release|Any CPU
		{A018FEC5-45F8-44FB-BB6C-33697B418434}.Release|Mixed Platforms.ActiveCfg = Release|Any CPU
		{A018FEC5-45F8-44FB-BB6C-33697B418434}.Release|Mixed Platforms.Build.0 = Release|Any CPU
		{A018FEC5-45F8-44FB-BB6C-33697B418434}.Release|x86.ActiveCfg = Release|Any CPU
		{C91C065B-A821-4890-9F31-F9E245D804D1}.Debug|Any CPU.ActiveCfg = Debug|Any CPU
		{C91C065B-A821-4890-9F31-F9E245D804D1}.Debug|Any CPU.Build.0 = Debug|Any CPU
		{C91C065B-A821-4890-9F31-F9E245D804D1}.Debug|Mixed Platforms.ActiveCfg = Debug|Any CPU
		{C91C065B-A821-4890-9F31-F9E245D804D1}.Debug|Mixed Platforms.Build.0 = Debug|Any CPU
		{C91C065B-A821-4890-9F31-F9E245D804D1}.Debug|x86.ActiveCfg = Debug|Any CPU
		{C91C065B-A821-4890-9F31-F9E245D804D1}.Release|Any CPU.ActiveCfg = Release|Any CPU
		{C91C065B-A821-4890-9F31-F9E245D804D1}.Release|Any CPU.Build.0 = Release|Any CPU
		{C91C065B-A821-4890-9F31-F9E245D804D1}.Release|Mixed Platforms.ActiveCfg = Release|Any CPU
		{C91C065B-A821-4890-9F31-F9E245D804D1}.Release|Mixed Platforms.Build.0 = Release|Any CPU
		{C91C065B-A821-4890-9F31-F9E245D804D1}.Release|x86.ActiveCfg = Release|Any CPU
		{4604C450-EBF8-4A7F-BD3A-A24655C41FA4}.Debug|Any CPU.ActiveCfg = Debug|Any CPU
		{4604C450-EBF8-4A7F-BD3A-A24655C41FA4}.Debug|Any CPU.Build.0 = Debug|Any CPU
		{4604C450-EBF8-4A7F-BD3A-A24655C41FA4}.Debug|Mixed Platforms.ActiveCfg = Debug|Any CPU
		{4604C450-EBF8-4A7F-BD3A-A24655C41FA4}.Debug|Mixed Platforms.Build.0 = Debug|Any CPU
		{4604C450-EBF8-4A7F-BD3A-A24655C41FA4}.Debug|x86.ActiveCfg = Debug|Any CPU
		{4604C450-EBF8-4A7F-BD3A-A24655C41FA4}.Release|Any CPU.ActiveCfg = Release|Any CPU
		{4604C450-EBF8-4A7F-BD3A-A24655C41FA4}.Release|Any CPU.Build.0 = Release|Any CPU
		{4604C450-EBF8-4A7F-BD3A-A24655C41FA4}.Release|Mixed Platforms.ActiveCfg = Release|Any CPU
		{4604C450-EBF8-4A7F-BD3A-A24655C41FA4}.Release|Mixed Platforms.Build.0 = Release|Any CPU
		{4604C450-EBF8-4A7F-BD3A-A24655C41FA4}.Release|x86.ActiveCfg = Release|Any CPU
		{246F7AEC-9429-4FBB-8747-92A3F025C711}.Debug|Any CPU.ActiveCfg = Debug|Any CPU
		{246F7AEC-9429-4FBB-8747-92A3F025C711}.Debug|Any CPU.Build.0 = Debug|Any CPU
		{246F7AEC-9429-4FBB-8747-92A3F025C711}.Debug|Mixed Platforms.ActiveCfg = Debug|Any CPU
		{246F7AEC-9429-4FBB-8747-92A3F025C711}.Debug|Mixed Platforms.Build.0 = Debug|Any CPU
		{246F7AEC-9429-4FBB-8747-92A3F025C711}.Debug|x86.ActiveCfg = Debug|Any CPU
		{246F7AEC-9429-4FBB-8747-92A3F025C711}.Release|Any CPU.ActiveCfg = Release|Any CPU
		{246F7AEC-9429-4FBB-8747-92A3F025C711}.Release|Any CPU.Build.0 = Release|Any CPU
		{246F7AEC-9429-4FBB-8747-92A3F025C711}.Release|Mixed Platforms.ActiveCfg = Release|Any CPU
		{246F7AEC-9429-4FBB-8747-92A3F025C711}.Release|Mixed Platforms.Build.0 = Release|Any CPU
		{246F7AEC-9429-4FBB-8747-92A3F025C711}.Release|x86.ActiveCfg = Release|Any CPU
		{0D2A13E6-A092-402E-B8FE-035F3A620B86}.Debug|Any CPU.ActiveCfg = Debug|x86
		{0D2A13E6-A092-402E-B8FE-035F3A620B86}.Debug|Mixed Platforms.ActiveCfg = Debug|x86
		{0D2A13E6-A092-402E-B8FE-035F3A620B86}.Debug|Mixed Platforms.Build.0 = Debug|x86
		{0D2A13E6-A092-402E-B8FE-035F3A620B86}.Debug|x86.ActiveCfg = Debug|x86
		{0D2A13E6-A092-402E-B8FE-035F3A620B86}.Debug|x86.Build.0 = Debug|x86
		{0D2A13E6-A092-402E-B8FE-035F3A620B86}.Release|Any CPU.ActiveCfg = Release|x86
		{0D2A13E6-A092-402E-B8FE-035F3A620B86}.Release|Mixed Platforms.ActiveCfg = Release|x86
		{0D2A13E6-A092-402E-B8FE-035F3A620B86}.Release|Mixed Platforms.Build.0 = Release|x86
		{0D2A13E6-A092-402E-B8FE-035F3A620B86}.Release|x86.ActiveCfg = Release|x86
		{0D2A13E6-A092-402E-B8FE-035F3A620B86}.Release|x86.Build.0 = Release|x86
		{CCDE9AD7-3822-4B0B-AA19-DF6698A85D3D}.Debug|Any CPU.ActiveCfg = Debug|Any CPU
		{CCDE9AD7-3822-4B0B-AA19-DF6698A85D3D}.Debug|Any CPU.Build.0 = Debug|Any CPU
		{CCDE9AD7-3822-4B0B-AA19-DF6698A85D3D}.Debug|Mixed Platforms.ActiveCfg = Debug|Any CPU
		{CCDE9AD7-3822-4B0B-AA19-DF6698A85D3D}.Debug|Mixed Platforms.Build.0 = Debug|Any CPU
		{CCDE9AD7-3822-4B0B-AA19-DF6698A85D3D}.Debug|x86.ActiveCfg = Debug|Any CPU
		{CCDE9AD7-3822-4B0B-AA19-DF6698A85D3D}.Release|Any CPU.ActiveCfg = Release|Any CPU
		{CCDE9AD7-3822-4B0B-AA19-DF6698A85D3D}.Release|Any CPU.Build.0 = Release|Any CPU
		{CCDE9AD7-3822-4B0B-AA19-DF6698A85D3D}.Release|Mixed Platforms.ActiveCfg = Release|Any CPU
		{CCDE9AD7-3822-4B0B-AA19-DF6698A85D3D}.Release|Mixed Platforms.Build.0 = Release|Any CPU
		{CCDE9AD7-3822-4B0B-AA19-DF6698A85D3D}.Release|x86.ActiveCfg = Release|Any CPU
	EndGlobalSection
	GlobalSection(SolutionProperties) = preSolution
		HideSolutionNode = FALSE
	EndGlobalSection
	GlobalSection(NestedProjects) = preSolution
		{E832A82B-2302-4113-83E3-261446E22C87} = {840281A8-8870-417F-9B24-ED0E866608A2}
		{486087C6-E95B-4FE2-8263-7B6B2DF81888} = {840281A8-8870-417F-9B24-ED0E866608A2}
		{0D2A13E6-A092-402E-B8FE-035F3A620B86} = {840281A8-8870-417F-9B24-ED0E866608A2}
	EndGlobalSection
EndGlobal
